
Microsoft Visual Studio Solution File, Format Version 12.00
# Visual Studio Version 17
VisualStudioVersion = 17.3.32922.545
MinimumVisualStudioVersion = 10.0.40219.1
Project("{FAE04EC0-301F-11D3-BF4B-00C04F79EFBC}") = "ApiAeropuertos", "ApiAeropuertos\ApiAeropuertos.csproj", "{468EDD31-E8FC-446B-B502-595CE99C2A72}"
EndProject
Global
	GlobalSection(SolutionConfigurationPlatforms) = preSolution
		Debug|Any CPU = Debug|Any CPU
		Release|Any CPU = Release|Any CPU
	EndGlobalSection
	GlobalSection(ProjectConfigurationPlatforms) = postSolution
		{468EDD31-E8FC-446B-B502-595CE99C2A72}.Debug|Any CPU.ActiveCfg = Debug|Any CPU
		{468EDD31-E8FC-446B-B502-595CE99C2A72}.Debug|Any CPU.Build.0 = Debug|Any CPU
		{468EDD31-E8FC-446B-B502-595CE99C2A72}.Release|Any CPU.ActiveCfg = Release|Any CPU
		{468EDD31-E8FC-446B-B502-595CE99C2A72}.Release|Any CPU.Build.0 = Release|Any CPU
	EndGlobalSection
	GlobalSection(SolutionProperties) = preSolution
		HideSolutionNode = FALSE
	EndGlobalSection
	GlobalSection(ExtensibilityGlobals) = postSolution
		SolutionGuid = {EC6285A2-F6E1-423C-817E-76734AE17126}
	EndGlobalSection
EndGlobal
